
Microsoft Visual Studio Solution File, Format Version 12.00
# Visual Studio Version 17
VisualStudioVersion = 17.1.32407.343
MinimumVisualStudioVersion = 10.0.40219.1
Project("{FAE04EC0-301F-11D3-BF4B-00C04F79EFBC}") = "FinalProject643450647_2", "FinalProject643450647_2\FinalProject643450647_2.csproj", "{DC6505E1-CE0C-4115-ADEE-7C487BFFA55C}"
EndProject
Global
	GlobalSection(SolutionConfigurationPlatforms) = preSolution
		Debug|Any CPU = Debug|Any CPU
		Release|Any CPU = Release|Any CPU
	EndGlobalSection
	GlobalSection(ProjectConfigurationPlatforms) = postSolution
		{DC6505E1-CE0C-4115-ADEE-7C487BFFA55C}.Debug|Any CPU.ActiveCfg = Debug|Any CPU
		{DC6505E1-CE0C-4115-ADEE-7C487BFFA55C}.Debug|Any CPU.Build.0 = Debug|Any CPU
		{DC6505E1-CE0C-4115-ADEE-7C487BFFA55C}.Release|Any CPU.ActiveCfg = Release|Any CPU
		{DC6505E1-CE0C-4115-ADEE-7C487BFFA55C}.Release|Any CPU.Build.0 = Release|Any CPU
	EndGlobalSection
	GlobalSection(SolutionProperties) = preSolution
		HideSolutionNode = FALSE
	EndGlobalSection
	GlobalSection(ExtensibilityGlobals) = postSolution
		SolutionGuid = {8EF11F34-D212-4E86-ABEE-390404EC8E47}
	EndGlobalSection
EndGlobal
